
Microsoft Visual Studio Solution File, Format Version 12.00
# Visual Studio Version 17
VisualStudioVersion = 17.3.32901.215
MinimumVisualStudioVersion = 10.0.40219.1
Project("{FAE04EC0-301F-11D3-BF4B-00C04F79EFBC}") = "timesTable", "timesTable.csproj", "{45D51D93-A556-4AD2-9044-CAD87BDC349B}"
EndProject
Global
	GlobalSection(SolutionConfigurationPlatforms) = preSolution
		Debug|Any CPU = Debug|Any CPU
		Release|Any CPU = Release|Any CPU
	EndGlobalSection
	GlobalSection(ProjectConfigurationPlatforms) = postSolution
		{45D51D93-A556-4AD2-9044-CAD87BDC349B}.Debug|Any CPU.ActiveCfg = Debug|Any CPU
		{45D51D93-A556-4AD2-9044-CAD87BDC349B}.Debug|Any CPU.Build.0 = Debug|Any CPU
		{45D51D93-A556-4AD2-9044-CAD87BDC349B}.Release|Any CPU.ActiveCfg = Release|Any CPU
		{45D51D93-A556-4AD2-9044-CAD87BDC349B}.Release|Any CPU.Build.0 = Release|Any CPU
	EndGlobalSection
	GlobalSection(SolutionProperties) = preSolution
		HideSolutionNode = FALSE
	EndGlobalSection
	GlobalSection(ExtensibilityGlobals) = postSolution
		SolutionGuid = {74B4EEA1-3888-4733-9A24-0399C8F126E6}
	EndGlobalSection
EndGlobal
