
Microsoft Visual Studio Solution File, Format Version 12.00
# Visual Studio Version 17
VisualStudioVersion = 17.3.32901.215
MinimumVisualStudioVersion = 10.0.40219.1
Project("{FAE04EC0-301F-11D3-BF4B-00C04F79EFBC}") = "Fields", "Fields.csproj", "{B677637A-E377-4C86-9EA7-39DA39D5D240}"
EndProject
Global
	GlobalSection(SolutionConfigurationPlatforms) = preSolution
		Debug|Any CPU = Debug|Any CPU
		Release|Any CPU = Release|Any CPU
	EndGlobalSection
	GlobalSection(ProjectConfigurationPlatforms) = postSolution
		{B677637A-E377-4C86-9EA7-39DA39D5D240}.Debug|Any CPU.ActiveCfg = Debug|Any CPU
		{B677637A-E377-4C86-9EA7-39DA39D5D240}.Debug|Any CPU.Build.0 = Debug|Any CPU
		{B677637A-E377-4C86-9EA7-39DA39D5D240}.Release|Any CPU.ActiveCfg = Release|Any CPU
		{B677637A-E377-4C86-9EA7-39DA39D5D240}.Release|Any CPU.Build.0 = Release|Any CPU
	EndGlobalSection
	GlobalSection(SolutionProperties) = preSolution
		HideSolutionNode = FALSE
	EndGlobalSection
	GlobalSection(ExtensibilityGlobals) = postSolution
		SolutionGuid = {216C3ABC-4AC5-48A8-AF00-D41AB56E5FD5}
	EndGlobalSection
EndGlobal
