
Microsoft Visual Studio Solution File, Format Version 12.00
# Visual Studio Version 17
VisualStudioVersion = 17.3.32901.215
MinimumVisualStudioVersion = 10.0.40219.1
Project("{FAE04EC0-301F-11D3-BF4B-00C04F79EFBC}") = "summaryClass", "summaryClass.csproj", "{4E195E04-49D1-41FB-BC2A-0519C73D21F7}"
EndProject
Global
	GlobalSection(SolutionConfigurationPlatforms) = preSolution
		Debug|Any CPU = Debug|Any CPU
		Release|Any CPU = Release|Any CPU
	EndGlobalSection
	GlobalSection(ProjectConfigurationPlatforms) = postSolution
		{4E195E04-49D1-41FB-BC2A-0519C73D21F7}.Debug|Any CPU.ActiveCfg = Debug|Any CPU
		{4E195E04-49D1-41FB-BC2A-0519C73D21F7}.Debug|Any CPU.Build.0 = Debug|Any CPU
		{4E195E04-49D1-41FB-BC2A-0519C73D21F7}.Release|Any CPU.ActiveCfg = Release|Any CPU
		{4E195E04-49D1-41FB-BC2A-0519C73D21F7}.Release|Any CPU.Build.0 = Release|Any CPU
	EndGlobalSection
	GlobalSection(SolutionProperties) = preSolution
		HideSolutionNode = FALSE
	EndGlobalSection
	GlobalSection(ExtensibilityGlobals) = postSolution
		SolutionGuid = {E5CDA1A0-2841-4ABE-96FA-DACEB2E0F7CB}
	EndGlobalSection
EndGlobal
