
Microsoft Visual Studio Solution File, Format Version 12.00
# Visual Studio Version 17
VisualStudioVersion = 17.3.32901.215
MinimumVisualStudioVersion = 10.0.40219.1
Project("{FAE04EC0-301F-11D3-BF4B-00C04F79EFBC}") = "Methods", "Methods.csproj", "{65C3D62E-1481-4F9D-8354-5EFA330507E3}"
EndProject
Global
	GlobalSection(SolutionConfigurationPlatforms) = preSolution
		Debug|Any CPU = Debug|Any CPU
		Release|Any CPU = Release|Any CPU
	EndGlobalSection
	GlobalSection(ProjectConfigurationPlatforms) = postSolution
		{65C3D62E-1481-4F9D-8354-5EFA330507E3}.Debug|Any CPU.ActiveCfg = Debug|Any CPU
		{65C3D62E-1481-4F9D-8354-5EFA330507E3}.Debug|Any CPU.Build.0 = Debug|Any CPU
		{65C3D62E-1481-4F9D-8354-5EFA330507E3}.Release|Any CPU.ActiveCfg = Release|Any CPU
		{65C3D62E-1481-4F9D-8354-5EFA330507E3}.Release|Any CPU.Build.0 = Release|Any CPU
	EndGlobalSection
	GlobalSection(SolutionProperties) = preSolution
		HideSolutionNode = FALSE
	EndGlobalSection
	GlobalSection(ExtensibilityGlobals) = postSolution
		SolutionGuid = {32FD94AA-047C-4D3C-BA93-03F71A1D46A3}
	EndGlobalSection
EndGlobal
