
Microsoft Visual Studio Solution File, Format Version 12.00
# Visual Studio Version 17
VisualStudioVersion = 17.3.32901.215
MinimumVisualStudioVersion = 10.0.40219.1
Project("{FAE04EC0-301F-11D3-BF4B-00C04F79EFBC}") = "Inheritance", "Inheritance.csproj", "{D747CB0F-DDD5-4CA1-BA9F-74F05928DFB5}"
EndProject
Global
	GlobalSection(SolutionConfigurationPlatforms) = preSolution
		Debug|Any CPU = Debug|Any CPU
		Release|Any CPU = Release|Any CPU
	EndGlobalSection
	GlobalSection(ProjectConfigurationPlatforms) = postSolution
		{D747CB0F-DDD5-4CA1-BA9F-74F05928DFB5}.Debug|Any CPU.ActiveCfg = Debug|Any CPU
		{D747CB0F-DDD5-4CA1-BA9F-74F05928DFB5}.Debug|Any CPU.Build.0 = Debug|Any CPU
		{D747CB0F-DDD5-4CA1-BA9F-74F05928DFB5}.Release|Any CPU.ActiveCfg = Release|Any CPU
		{D747CB0F-DDD5-4CA1-BA9F-74F05928DFB5}.Release|Any CPU.Build.0 = Release|Any CPU
	EndGlobalSection
	GlobalSection(SolutionProperties) = preSolution
		HideSolutionNode = FALSE
	EndGlobalSection
	GlobalSection(ExtensibilityGlobals) = postSolution
		SolutionGuid = {F7709E29-E3B3-4A8A-AE34-728F492DDA46}
	EndGlobalSection
EndGlobal
