
Microsoft Visual Studio Solution File, Format Version 12.00
# Visual Studio Version 17
VisualStudioVersion = 17.3.32901.215
MinimumVisualStudioVersion = 10.0.40219.1
Project("{FAE04EC0-301F-11D3-BF4B-00C04F79EFBC}") = "Indexers", "Indexers.csproj", "{2CE88310-7781-4C05-8693-8AC706682D1F}"
EndProject
Global
	GlobalSection(SolutionConfigurationPlatforms) = preSolution
		Debug|Any CPU = Debug|Any CPU
		Release|Any CPU = Release|Any CPU
	EndGlobalSection
	GlobalSection(ProjectConfigurationPlatforms) = postSolution
		{2CE88310-7781-4C05-8693-8AC706682D1F}.Debug|Any CPU.ActiveCfg = Debug|Any CPU
		{2CE88310-7781-4C05-8693-8AC706682D1F}.Debug|Any CPU.Build.0 = Debug|Any CPU
		{2CE88310-7781-4C05-8693-8AC706682D1F}.Release|Any CPU.ActiveCfg = Release|Any CPU
		{2CE88310-7781-4C05-8693-8AC706682D1F}.Release|Any CPU.Build.0 = Release|Any CPU
	EndGlobalSection
	GlobalSection(SolutionProperties) = preSolution
		HideSolutionNode = FALSE
	EndGlobalSection
	GlobalSection(ExtensibilityGlobals) = postSolution
		SolutionGuid = {50753C57-AFD2-4FFF-868E-ECD5304AAE6A}
	EndGlobalSection
EndGlobal
